<Project xmlns="http://schemas.microsoft.com/developer/msbuild/2003">
  <PropertyGroup>
    <ProjectGuid>{e235f250-28cf-4641-bc36-7640495944c9}</ProjectGuid>
    <MainSource>CommonTools_D110R.dpk</MainSource>
    <Configuration Condition=" '$(Configuration)' == '' ">Debug</Configuration>
    <Platform Condition=" '$(Platform)' == '' ">AnyCPU</Platform>
    <DCC_DCCCompiler>DCC32</DCC_DCCCompiler>
    <DCC_DependencyCheckOutputName>F:\Dokumente und Einstellungen\All Users\Dokumente\RAD Studio\5.0\Bpl\CommonTools_D110R.bpl</DCC_DependencyCheckOutputName>
  </PropertyGroup>
  <PropertyGroup Condition=" '$(Configuration)|$(Platform)' == 'Release|AnyCPU' ">
    <Version>7.0</Version>
    <DCC_DebugInformation>False</DCC_DebugInformation>
    <DCC_LocalDebugSymbols>False</DCC_LocalDebugSymbols>
    <DCC_SymbolReferenceInfo>0</DCC_SymbolReferenceInfo>
    <DCC_Define>RELEASE</DCC_Define>
  </PropertyGroup>
  <PropertyGroup Condition=" '$(Configuration)|$(Platform)' == 'Debug|AnyCPU' ">
    <Version>7.0</Version>
  </PropertyGroup>
  <ProjectExtensions>
    <Borland.Personality>Delphi.Personality</Borland.Personality>
    <Borland.ProjectType>Package</Borland.ProjectType>
    <BorlandProject>
<BorlandProject><Delphi.Personality><Parameters><Parameters Name="UseLauncher">False</Parameters><Parameters Name="LoadAllSymbols">True</Parameters><Parameters Name="LoadUnspecifiedSymbols">False</Parameters></Parameters><Package_Options><Package_Options Name="ImplicitBuild">False</Package_Options><Package_Options Name="DesigntimeOnly">False</Package_Options><Package_Options Name="RuntimeOnly">True</Package_Options></Package_Options><VersionInfo><VersionInfo Name="IncludeVerInfo">False</VersionInfo><VersionInfo Name="AutoIncBuild">False</VersionInfo><VersionInfo Name="MajorVer">1</VersionInfo><VersionInfo Name="MinorVer">0</VersionInfo><VersionInfo Name="Release">0</VersionInfo><VersionInfo Name="Build">0</VersionInfo><VersionInfo Name="Debug">False</VersionInfo><VersionInfo Name="PreRelease">False</VersionInfo><VersionInfo Name="Special">False</VersionInfo><VersionInfo Name="Private">False</VersionInfo><VersionInfo Name="DLL">False</VersionInfo><VersionInfo Name="Locale">1031</VersionInfo><VersionInfo Name="CodePage">1252</VersionInfo></VersionInfo><VersionInfoKeys><VersionInfoKeys Name="CompanyName"></VersionInfoKeys><VersionInfoKeys Name="FileDescription"></VersionInfoKeys><VersionInfoKeys Name="FileVersion">1.0.0.0</VersionInfoKeys><VersionInfoKeys Name="InternalName"></VersionInfoKeys><VersionInfoKeys Name="LegalCopyright"></VersionInfoKeys><VersionInfoKeys Name="LegalTrademarks"></VersionInfoKeys><VersionInfoKeys Name="OriginalFilename"></VersionInfoKeys><VersionInfoKeys Name="ProductName"></VersionInfoKeys><VersionInfoKeys Name="ProductVersion">1.0.0.0</VersionInfoKeys><VersionInfoKeys Name="Comments"></VersionInfoKeys></VersionInfoKeys><Source><Source Name="MainSource">CommonTools_D110R.dpk</Source></Source></Delphi.Personality></BorlandProject></BorlandProject>
  </ProjectExtensions>
  <Import Project="$(MSBuildBinPath)\Borland.Delphi.Targets" />
  <ItemGroup>
    <DelphiCompile Include="CommonTools_D110R.dpk">
      <MainSource>MainSource</MainSource>
    </DelphiCompile>
    <DCCReference Include="..\..\sndkey32.pas" />
    <DCCReference Include="..\..\uCanvasClassHelper.pas" />
    <DCCReference Include="..\..\uCommonTypes.pas" />
    <DCCReference Include="..\..\uComponentHelpers.pas" />
    <DCCReference Include="..\..\uControlTools.pas" />
    <DCCReference Include="..\..\uDateTools.pas" />
    <DCCReference Include="..\..\uGraphicalTools.pas" />
    <DCCReference Include="..\..\uImageTools.pas" />
    <DCCReference Include="..\..\uInterfacedTools.pas" />
    <DCCReference Include="..\..\uLogForDebug.pas" />
    <DCCReference Include="..\..\uNetworkTools.pas" />
    <DCCReference Include="..\..\uNNumber.pas" />
    <DCCReference Include="..\..\uStreamTools.pas" />
    <DCCReference Include="..\..\uSysTools.pas" />
    <DCCReference Include="..\..\uTaskbar.pas" />
    <DCCReference Include="..\..\uWinNT.pas" />
    <DCCReference Include="..\..\wm_helper.pas" />
    <DCCReference Include="F:\Dokumente und Einstellungen\All Users\Dokumente\RAD Studio\5.0\Dcp\dbrtl.dcp" />
    <DCCReference Include="F:\Dokumente und Einstellungen\All Users\Dokumente\RAD Studio\5.0\Dcp\Jcl.dcp" />
    <DCCReference Include="F:\Dokumente und Einstellungen\All Users\Dokumente\RAD Studio\5.0\Dcp\PNGSupport_D110.dcp" />
    <DCCReference Include="F:\Dokumente und Einstellungen\All Users\Dokumente\RAD Studio\5.0\Dcp\RegExp_D110R.dcp" />
    <DCCReference Include="F:\Dokumente und Einstellungen\All Users\Dokumente\RAD Studio\5.0\Dcp\rtl.dcp" />
    <DCCReference Include="F:\Dokumente und Einstellungen\All Users\Dokumente\RAD Studio\5.0\Dcp\vcl.dcp" />
    <DCCReference Include="F:\Dokumente und Einstellungen\All Users\Dokumente\RAD Studio\5.0\Dcp\vclactnband.dcp" />
    <DCCReference Include="F:\Dokumente und Einstellungen\All Users\Dokumente\RAD Studio\5.0\Dcp\vcldb.dcp" />
    <DCCReference Include="F:\Dokumente und Einstellungen\All Users\Dokumente\RAD Studio\5.0\Dcp\vclx.dcp" />
    <DCCReference Include="F:\Dokumente und Einstellungen\All Users\Dokumente\RAD Studio\5.0\Dcp\VirtualTreesD11.dcp" />
  </ItemGroup>
</Project>