	<Project xmlns="http://schemas.microsoft.com/developer/msbuild/2003">
		<PropertyGroup>
			<ProjectGuid>{46733B0E-95DB-4A17-A5CC-882E5A3A511F}</ProjectGuid>
			<MainSource>Project2.dpr</MainSource>
			<Config Condition="'$(Config)'==''">Debug</Config>
			<DCC_DCCCompiler>DCC32</DCC_DCCCompiler>
			<ProjectVersion>12.0</ProjectVersion>
		</PropertyGroup>
		<PropertyGroup Condition="'$(Config)'=='Basis' or '$(Base)'!=''">
			<Base>true</Base>
		</PropertyGroup>
		<PropertyGroup Condition="'$(Config)'=='Release' or '$(Cfg_1)'!=''">
			<Cfg_1>true</Cfg_1>
			<CfgParent>Base</CfgParent>
			<Base>true</Base>
		</PropertyGroup>
		<PropertyGroup Condition="'$(Config)'=='Debug' or '$(Cfg_2)'!=''">
			<Cfg_2>true</Cfg_2>
			<CfgParent>Base</CfgParent>
			<Base>true</Base>
		</PropertyGroup>
		<PropertyGroup Condition="'$(Base)'!=''">
			<DCC_DependencyCheckOutputName>Project2.exe</DCC_DependencyCheckOutputName>
			<DCC_ImageBase>00400000</DCC_ImageBase>
			<DCC_MapFile>3</DCC_MapFile>
			<DCC_UnitSearchPath>C:\Users\MaWarm\Documents\Projects\TUO\Components\EffectPNG;C:\Users\MaWarm\Documents\Projects\TUO\Libraries\PNGSupport;C:\users\MaWarm\Documents\Projects\Komponenten\Graphic\gdiplus\pas\D10;C:\users\MaWarm\Documents\Projects\Komponenten\Graphic\DSPACK\src\DirectX9;C:\users\MaWarm\Documents\Projects\Jedi\jwapi\Win32API;C:\Users\MaWarm\Documents\Projects\TUO\Libraries\DWMHelper;$(DCC_UnitSearchPath)</DCC_UnitSearchPath>
			<DCC_UnitAlias>WinTypes=Windows;WinProcs=Windows;DbiTypes=BDE;DbiProcs=BDE;DbiErrs=BDE;$(DCC_UnitAlias)</DCC_UnitAlias>
			<DCC_Define>madExcept;$(DCC_Define)</DCC_Define>
			<DCC_Platform>x86</DCC_Platform>
			<DCC_K>false</DCC_K>
			<DCC_N>true</DCC_N>
			<DCC_S>false</DCC_S>
			<DCC_F>false</DCC_F>
			<DCC_UsePackage>vcl;rtl;JediApi_StaticRelease;vclx;dbrtl;vcldb;dwmhelper;adortl;dbxcds;dbexpress;vclib;ibxpress;indy;dsnap;bdertl;teeui;teedb;tee;vcldbx;dsnapcon;vclactnband;ConsoleTools_D100R;EffectPNGEdit_D100R;PNGSupport_D100;DirectX9_D10;GDIPlus100;EffectPNGImage_D100R;EffectPNGImageList_D100R;EffectPNGToolbar_D100R;GDIPlus100D;GroupListView_D100R;ImageListProvider_D100D;ImageListProvider_D100R;PNGImageList_D100D;PNGUtils_D100R;PNGImageList_D100R;xmlrtl;PSBuzz_D100R;SearchEdit_D100D;SearchEdit_D100R;RegExp_D100R;XMLTools_D100R;Settings_D100R;Settings_VirtualTrees_D100R;SPPVirtualTrees_D100D;SPPVirtualTrees_D100R;VirtualTreesD10;tdbf_d10d;tdbf_d10r;VirtualActionTree_D100R;Wiimote_D100R;TntUnicodeVcl;TUOScript100;eltreeD10;SPPComponents100;qrpt100;JvStdCtrlsD10R;JvCoreD10R;Jcl;frx10;frxADO10;frxBDE10;frxDB10;frxDBX10;frxe10;frxFib10;FIBPlus2006;frxIBX10;frxTee10;fs10;fsADO10;fsBDE10;fsDB10;fsIBX10;fsTee10;QRExports100;FlexCelXLS100;FlexCel100;RxCtl100;VclSmp;FIBDBMidas2006;PCheck100;SQLClientDataset100;XPMenu100;DBIni100;Rechte100;JclVcl;JvSystemD10R;SingleSignOn100;CommonTools_D100R;JvCryptD10R;Etikettendruck_D100;xtrafil100;JvCustomD10R;JvCtrlsD10R;ImageTypes100;CheckCombo100;HotKeyManager_D100;QRAngledLabel100;BarcodeHelper_D100;Drucker_D100;EffectPNG_D100R;RichViewEditor_D100;RVPkg2006;madBasic_;madDisAsm_;madExcept_;JvAppFrmD10R;JvBandsD10R;JvDBD10R;JvDlgsD10R;JvBDED10R;JvCmpD10R;JvDockingD10R;JvDotNetCtrlsD10R;JvEDID10R;JvGlobusD10R;JvHMID10R;JvInterpreterD10R;JvJansD10R;JvManagedThreadsD10R;JvMMD10R;JvNetD10R;JvPageCompsD10R;JvPluginD10R;JvPrintPreviewD10R;JvRuntimeDesignD10R;JvTimeFrameworkD10R;JvValidatorsD10R;JvWizardD10R;JvXPCtrlsD10R;vclie;inet;inetdbbde;inetdbxpress;NPipe_D100</DCC_UsePackage>
			<DCC_SymbolReferenceInfo>1</DCC_SymbolReferenceInfo>
			<DCC_E>false</DCC_E>
		</PropertyGroup>
		<PropertyGroup Condition="'$(Cfg_1)'!=''">
			<DCC_LocalDebugSymbols>false</DCC_LocalDebugSymbols>
			<DCC_Define>RELEASE;$(DCC_Define)</DCC_Define>
			<DCC_SymbolReferenceInfo>0</DCC_SymbolReferenceInfo>
			<DCC_DebugInformation>false</DCC_DebugInformation>
		</PropertyGroup>
		<PropertyGroup Condition="'$(Cfg_2)'!=''">
			<DCC_Define>DEBUG;$(DCC_Define)</DCC_Define>
		</PropertyGroup>
		<ItemGroup>
			<DelphiCompile Include="Project2.dpr">
				<MainSource>MainSource</MainSource>
			</DelphiCompile>
			<DCCReference Include="Unit3.pas">
				<Form>Form1</Form>
			</DCCReference>
			<BuildConfiguration Include="Basis">
				<Key>Base</Key>
			</BuildConfiguration>
			<BuildConfiguration Include="Debug">
				<Key>Cfg_2</Key>
				<CfgParent>Base</CfgParent>
			</BuildConfiguration>
			<BuildConfiguration Include="Release">
				<Key>Cfg_1</Key>
				<CfgParent>Base</CfgParent>
			</BuildConfiguration>
		</ItemGroup>
		<Import Project="$(BDS)\Bin\CodeGear.Delphi.Targets" Condition="Exists('$(BDS)\Bin\CodeGear.Delphi.Targets')"/>
		<ProjectExtensions>
			<Borland.Personality>Delphi.Personality.12</Borland.Personality>
			<Borland.ProjectType/>
			<BorlandProject>
				<Delphi.Personality>
					<Source>
						<Source Name="MainSource">Project2.dpr</Source>
					</Source>
					<Parameters>
						<Parameters Name="UseLauncher">False</Parameters>
						<Parameters Name="LoadAllSymbols">True</Parameters>
						<Parameters Name="LoadUnspecifiedSymbols">False</Parameters>
					</Parameters>
					<VersionInfo>
						<VersionInfo Name="IncludeVerInfo">False</VersionInfo>
						<VersionInfo Name="AutoIncBuild">False</VersionInfo>
						<VersionInfo Name="MajorVer">1</VersionInfo>
						<VersionInfo Name="MinorVer">0</VersionInfo>
						<VersionInfo Name="Release">0</VersionInfo>
						<VersionInfo Name="Build">0</VersionInfo>
						<VersionInfo Name="Debug">False</VersionInfo>
						<VersionInfo Name="PreRelease">False</VersionInfo>
						<VersionInfo Name="Special">False</VersionInfo>
						<VersionInfo Name="Private">False</VersionInfo>
						<VersionInfo Name="DLL">False</VersionInfo>
						<VersionInfo Name="Locale">1031</VersionInfo>
						<VersionInfo Name="CodePage">1252</VersionInfo>
					</VersionInfo>
					<VersionInfoKeys>
						<VersionInfoKeys Name="CompanyName"/>
						<VersionInfoKeys Name="FileDescription"/>
						<VersionInfoKeys Name="FileVersion">1.0.0.0</VersionInfoKeys>
						<VersionInfoKeys Name="InternalName"/>
						<VersionInfoKeys Name="LegalCopyright"/>
						<VersionInfoKeys Name="LegalTrademarks"/>
						<VersionInfoKeys Name="OriginalFilename"/>
						<VersionInfoKeys Name="ProductName"/>
						<VersionInfoKeys Name="ProductVersion">1.0.0.0</VersionInfoKeys>
						<VersionInfoKeys Name="Comments"/>
					</VersionInfoKeys>
					<Excluded_Packages>
						<Excluded_Packages Name="C:\Users\MaWarm\Documents\Borland Studio-Projekte\Bpl\qrpt100.bpl">QuickReport Runtime Package</Excluded_Packages>
					</Excluded_Packages>
				</Delphi.Personality>
			</BorlandProject>
			<ProjectFileVersion>12</ProjectFileVersion>
		</ProjectExtensions>
	</Project>
