<Project xmlns="http://schemas.microsoft.com/developer/msbuild/2003">
  <PropertyGroup>
    <ProjectGuid>{3eeaa646-994a-47ba-bb41-401256641338}</ProjectGuid>
    <MainSource>CNA2_D110.dpk</MainSource>
    <Configuration Condition=" '$(Configuration)' == '' ">Debug</Configuration>
    <Platform Condition=" '$(Platform)' == '' ">AnyCPU</Platform>
    <DCC_DCCCompiler>DCC32</DCC_DCCCompiler>
    <DCC_DependencyCheckOutputName>F:\Dokumente und Einstellungen\All Users\Dokumente\RAD Studio\5.0\Bpl\CNA2_D110.bpl</DCC_DependencyCheckOutputName>
  </PropertyGroup>
  <PropertyGroup Condition=" '$(Configuration)|$(Platform)' == 'Release|AnyCPU' ">
    <Version>7.0</Version>
    <DCC_DebugInformation>False</DCC_DebugInformation>
    <DCC_LocalDebugSymbols>False</DCC_LocalDebugSymbols>
    <DCC_SymbolReferenceInfo>0</DCC_SymbolReferenceInfo>
    <DCC_Define>RELEASE</DCC_Define>
  </PropertyGroup>
  <PropertyGroup Condition=" '$(Configuration)|$(Platform)' == 'Debug|AnyCPU' ">
    <Version>7.0</Version>
  </PropertyGroup>
  <ProjectExtensions>
    <Borland.Personality>Delphi.Personality</Borland.Personality>
    <Borland.ProjectType>Package</Borland.ProjectType>
    <BorlandProject>
<BorlandProject xmlns=""> <Delphi.Personality>   <Parameters>
      <Parameters Name="UseLauncher">False</Parameters>
      <Parameters Name="LoadAllSymbols">True</Parameters>
      <Parameters Name="LoadUnspecifiedSymbols">False</Parameters>
    </Parameters>
    <Package_Options>
      <Package_Options Name="PackageDescription">CNA2 - Component Naming Assistant V.2 by TUO</Package_Options>
      <Package_Options Name="ImplicitBuild">False</Package_Options>
      <Package_Options Name="DesigntimeOnly">True</Package_Options>
      <Package_Options Name="RuntimeOnly">False</Package_Options>
    </Package_Options>
    <VersionInfo>
      <VersionInfo Name="IncludeVerInfo">False</VersionInfo>
      <VersionInfo Name="AutoIncBuild">False</VersionInfo>
      <VersionInfo Name="MajorVer">1</VersionInfo>
      <VersionInfo Name="MinorVer">0</VersionInfo>
      <VersionInfo Name="Release">0</VersionInfo>
      <VersionInfo Name="Build">0</VersionInfo>
      <VersionInfo Name="Debug">False</VersionInfo>
      <VersionInfo Name="PreRelease">False</VersionInfo>
      <VersionInfo Name="Special">False</VersionInfo>
      <VersionInfo Name="Private">False</VersionInfo>
      <VersionInfo Name="DLL">False</VersionInfo>
      <VersionInfo Name="Locale">1031</VersionInfo>
      <VersionInfo Name="CodePage">1252</VersionInfo>
    </VersionInfo>
    <VersionInfoKeys>
      <VersionInfoKeys Name="CompanyName"></VersionInfoKeys>
      <VersionInfoKeys Name="FileDescription"></VersionInfoKeys>
      <VersionInfoKeys Name="FileVersion">1.0.0.0</VersionInfoKeys>
      <VersionInfoKeys Name="InternalName"></VersionInfoKeys>
      <VersionInfoKeys Name="LegalCopyright"></VersionInfoKeys>
      <VersionInfoKeys Name="LegalTrademarks"></VersionInfoKeys>
      <VersionInfoKeys Name="OriginalFilename"></VersionInfoKeys>
      <VersionInfoKeys Name="ProductName"></VersionInfoKeys>
      <VersionInfoKeys Name="ProductVersion">1.0.0.0</VersionInfoKeys>
      <VersionInfoKeys Name="Comments"></VersionInfoKeys>
    </VersionInfoKeys>
    <Excluded_Packages>
      
      
      
      
      
      
      
      
      <Excluded_Packages Name="$(BDS)\bin\dcloffice2k100.bpl">Microsoft Office 2000 Beispiele für gekapselte Komponenten für Automation Server</Excluded_Packages>
      <Excluded_Packages Name="$(BDS)\bin\dclofficexp100.bpl">Microsoft Office XP Beispiele für gekapselte Komponenten für Automation Server</Excluded_Packages>
    </Excluded_Packages>
    <Source>
      <Source Name="MainSource">CNA2_D110.dpk</Source>
    </Source>
  </Delphi.Personality> </BorlandProject></BorlandProject>
  </ProjectExtensions>
  <ItemGroup />
  <ItemGroup>
    <DelphiCompile Include="CNA2_D110.dpk">
      <MainSource>MainSource</MainSource>
    </DelphiCompile>
    <DCCReference Include="Actions\uCNA2ActCreateObject.pas" />
    <DCCReference Include="Actions\uCNA2ActSetValue.pas" />
    <DCCReference Include="Actions\uCNA2ActSetValueConfig.pas">
      <Form>form_ConfigSetValue</Form>
    </DCCReference>
    <DCCReference Include="F:\Programme\CodeGear\RAD Studio\5.0\bin\CommonTools_D110R.dcp" />
    <DCCReference Include="F:\Programme\CodeGear\RAD Studio\5.0\bin\designide.dcp" />
    <DCCReference Include="F:\Programme\CodeGear\RAD Studio\5.0\bin\rtl.dcp" />
    <DCCReference Include="F:\Programme\CodeGear\RAD Studio\5.0\bin\RTTIHelper_D110R.dcp" />
    <DCCReference Include="F:\Programme\CodeGear\RAD Studio\5.0\bin\Settings_D110R.dcp" />
    <DCCReference Include="F:\Programme\CodeGear\RAD Studio\5.0\bin\vcl.dcp" />
    <DCCReference Include="F:\Programme\CodeGear\RAD Studio\5.0\bin\vclactnband.dcp" />
    <DCCReference Include="F:\Programme\CodeGear\RAD Studio\5.0\bin\vclx.dcp" />
    <DCCReference Include="F:\Programme\CodeGear\RAD Studio\5.0\bin\xmlrtl.dcp" />
    <DCCReference Include="uCNA2Actions.pas" />
    <DCCReference Include="uCNA2ConfigDialog.pas">
      <Form>CNA2ConfigDialog</Form>
    </DCCReference>
    <DCCReference Include="uCNA2FormEditorHooks.pas" />
    <DCCReference Include="uCNA2IDENotifier.pas" />
    <DCCReference Include="uCNA2Main.pas" />
    <DCCReference Include="uCNA2Profiles.pas" />
    <DCCReference Include="uCNA2Settings.pas" />
    <DCCReference Include="uCNA2ValueEditors.pas">
      <Form>cna2ValueEditor</Form>
      <DesignClass>TFrame</DesignClass>
    </DCCReference>
    <DCCReference Include="uCNA2Visualizers.pas" />
    <DCCReference Include="uCNA2Worker.pas" />
    <DCCReference Include="ValueEditors\uCNA2ValueEditorChar.pas">
      <Form>cna2ValueEditorChar</Form>
      <DesignClass>TFrame</DesignClass>
    </DCCReference>
    <DCCReference Include="ValueEditors\uCNA2ValueEditorColor.pas">
      <Form>cna2ValueEditorColor</Form>
      <DesignClass>TFrame</DesignClass>
    </DCCReference>
    <DCCReference Include="ValueEditors\uCNA2ValueEditorEnum.pas">
      <Form>cna2ValueEditorEnum</Form>
      <DesignClass>TFrame</DesignClass>
    </DCCReference>
    <DCCReference Include="ValueEditors\uCNA2ValueEditorFloat.pas">
      <Form>cna2ValueEditorFloat</Form>
      <DesignClass>TFrame</DesignClass>
    </DCCReference>
    <DCCReference Include="ValueEditors\uCNA2ValueEditorInt64.pas">
      <Form>cna2ValueEditorInt64</Form>
      <DesignClass>TFrame</DesignClass>
    </DCCReference>
    <DCCReference Include="ValueEditors\uCNA2ValueEditorInteger.pas">
      <Form>cna2ValueEditorInteger</Form>
      <DesignClass>TFrame</DesignClass>
    </DCCReference>
    <DCCReference Include="ValueEditors\uCNA2ValueEditorSet.pas">
      <Form>cna2ValueEditorSet</Form>
      <DesignClass>TFrame</DesignClass>
    </DCCReference>
    <DCCReference Include="ValueEditors\uCNA2ValueEditorString.pas">
      <Form>cna2ValueEditorString</Form>
      <DesignClass>TFrame</DesignClass>
    </DCCReference>
  </ItemGroup>
  <Import Project="$(MSBuildBinPath)\Borland.Delphi.Targets" />
</Project>