
Microsoft Visual Studio Solution File, Format Version 9.00
# Visual Studio 2005
# SharpDevelop 2.2.1.2648
Project("{FAE04EC0-301F-11D3-BF4B-00C04F79EFBC}") = "TUO.CF.2.Classhelpers", "TUO.CF.2.Classhelpers.csproj", "{D96E220B-B2C1-4225-A06F-338A4D0C0107}"
EndProject
Global
	GlobalSection(SolutionConfigurationPlatforms) = preSolution
		Debug|Any CPU = Debug|Any CPU
		Release|Any CPU = Release|Any CPU
	EndGlobalSection
	GlobalSection(ProjectConfigurationPlatforms) = postSolution
		{D96E220B-B2C1-4225-A06F-338A4D0C0107}.Debug|Any CPU.Build.0 = Debug|Any CPU
		{D96E220B-B2C1-4225-A06F-338A4D0C0107}.Debug|Any CPU.ActiveCfg = Debug|Any CPU
		{D96E220B-B2C1-4225-A06F-338A4D0C0107}.Release|Any CPU.Build.0 = Release|Any CPU
		{D96E220B-B2C1-4225-A06F-338A4D0C0107}.Release|Any CPU.ActiveCfg = Release|Any CPU
	EndGlobalSection
EndGlobal
